
Microsoft Visual Studio Solution File, Format Version 12.00
# Visual Studio 15
VisualStudioVersion = 15.0.25807.0
MinimumVisualStudioVersion = 10.0.40219.1
Project("{2150E333-8FDC-42A3-9474-1A3956D46DE8}") = "Engine", "Engine", "{C0E9588E-4250-409C-9599-605A4B5AF65C}"
EndProject
Project("{2150E333-8FDC-42A3-9474-1A3956D46DE8}") = "Games", "Games", "{D2235023-B36D-4C93-BA64-56B105D7B102}"
EndProject
Project("{8BC9CEB8-8B4A-11D0-8D11-00A0C91BC942}") = "UE4", "Intermediate\ProjectFiles\UE4.vcxproj", "{F8F1CB4F-4365-4862-9812-687CA28B4D19}"
EndProject
Project("{8BC9CEB8-8B4A-11D0-8D11-00A0C91BC942}") = "Room_Escape", "Intermediate\ProjectFiles\Room_Escape.vcxproj", "{ACA25574-118D-43E0-9432-6ACBFF0A6196}"
EndProject
Project("{2150E333-8FDC-42A3-9474-1A3956D46DE8}") = "Visualizers", "Visualizers", "{AF519A06-ED8A-4634-ADAE-694A70E8BE6A}"
	ProjectSection(SolutionItems) = preProject
		..\..\..\..\..\..\Program Files\Epic Games\UE_4.21\Engine\Extras\VisualStudioDebugging\UE4.natvis = ..\..\..\..\..\..\Program Files\Epic Games\UE_4.21\Engine\Extras\VisualStudioDebugging\UE4.natvis
	EndProjectSection
EndProject
Global
	GlobalSection(SolutionConfigurationPlatforms) = preSolution
		DebugGame Editor|HTML5 = DebugGame Editor|HTML5
		DebugGame Editor|Win32 = DebugGame Editor|Win32
		DebugGame Editor|Win64 = DebugGame Editor|Win64
		DebugGame|HTML5 = DebugGame|HTML5
		DebugGame|Win32 = DebugGame|Win32
		DebugGame|Win64 = DebugGame|Win64
		Development Editor|HTML5 = Development Editor|HTML5
		Development Editor|Win32 = Development Editor|Win32
		Development Editor|Win64 = Development Editor|Win64
		Development|HTML5 = Development|HTML5
		Development|Win32 = Development|Win32
		Development|Win64 = Development|Win64
		Shipping|HTML5 = Shipping|HTML5
		Shipping|Win32 = Shipping|Win32
		Shipping|Win64 = Shipping|Win64
	EndGlobalSection
	GlobalSection(ProjectConfigurationPlatforms) = postSolution
		{F8F1CB4F-4365-4862-9812-687CA28B4D19}.DebugGame Editor|HTML5.ActiveCfg = BuiltWithUnrealBuildTool|Win32
		{F8F1CB4F-4365-4862-9812-687CA28B4D19}.DebugGame Editor|Win32.ActiveCfg = BuiltWithUnrealBuildTool|Win32
		{F8F1CB4F-4365-4862-9812-687CA28B4D19}.DebugGame Editor|Win64.ActiveCfg = BuiltWithUnrealBuildTool|Win32
		{F8F1CB4F-4365-4862-9812-687CA28B4D19}.DebugGame|HTML5.ActiveCfg = BuiltWithUnrealBuildTool|Win32
		{F8F1CB4F-4365-4862-9812-687CA28B4D19}.DebugGame|Win32.ActiveCfg = BuiltWithUnrealBuildTool|Win32
		{F8F1CB4F-4365-4862-9812-687CA28B4D19}.DebugGame|Win64.ActiveCfg = BuiltWithUnrealBuildTool|Win32
		{F8F1CB4F-4365-4862-9812-687CA28B4D19}.Development Editor|HTML5.ActiveCfg = BuiltWithUnrealBuildTool|Win32
		{F8F1CB4F-4365-4862-9812-687CA28B4D19}.Development Editor|Win32.ActiveCfg = BuiltWithUnrealBuildTool|Win32
		{F8F1CB4F-4365-4862-9812-687CA28B4D19}.Development Editor|Win64.ActiveCfg = BuiltWithUnrealBuildTool|Win32
		{F8F1CB4F-4365-4862-9812-687CA28B4D19}.Development|HTML5.ActiveCfg = BuiltWithUnrealBuildTool|Win32
		{F8F1CB4F-4365-4862-9812-687CA28B4D19}.Development|Win32.ActiveCfg = BuiltWithUnrealBuildTool|Win32
		{F8F1CB4F-4365-4862-9812-687CA28B4D19}.Development|Win64.ActiveCfg = BuiltWithUnrealBuildTool|Win32
		{F8F1CB4F-4365-4862-9812-687CA28B4D19}.Shipping|HTML5.ActiveCfg = BuiltWithUnrealBuildTool|Win32
		{F8F1CB4F-4365-4862-9812-687CA28B4D19}.Shipping|Win32.ActiveCfg = BuiltWithUnrealBuildTool|Win32
		{F8F1CB4F-4365-4862-9812-687CA28B4D19}.Shipping|Win64.ActiveCfg = BuiltWithUnrealBuildTool|Win32
		{ACA25574-118D-43E0-9432-6ACBFF0A6196}.DebugGame Editor|HTML5.ActiveCfg = Invalid|Win32
		{ACA25574-118D-43E0-9432-6ACBFF0A6196}.DebugGame Editor|Win32.ActiveCfg = Invalid|Win32
		{ACA25574-118D-43E0-9432-6ACBFF0A6196}.DebugGame Editor|Win64.ActiveCfg = DebugGame_Editor|x64
		{ACA25574-118D-43E0-9432-6ACBFF0A6196}.DebugGame Editor|Win64.Build.0 = DebugGame_Editor|x64
		{ACA25574-118D-43E0-9432-6ACBFF0A6196}.DebugGame|HTML5.ActiveCfg = HTML5_DebugGame|Win32
		{ACA25574-118D-43E0-9432-6ACBFF0A6196}.DebugGame|HTML5.Build.0 = HTML5_DebugGame|Win32
		{ACA25574-118D-43E0-9432-6ACBFF0A6196}.DebugGame|Win32.ActiveCfg = DebugGame|Win32
		{ACA25574-118D-43E0-9432-6ACBFF0A6196}.DebugGame|Win32.Build.0 = DebugGame|Win32
		{ACA25574-118D-43E0-9432-6ACBFF0A6196}.DebugGame|Win64.ActiveCfg = DebugGame|x64
		{ACA25574-118D-43E0-9432-6ACBFF0A6196}.DebugGame|Win64.Build.0 = DebugGame|x64
		{ACA25574-118D-43E0-9432-6ACBFF0A6196}.Development Editor|HTML5.ActiveCfg = Invalid|Win32
		{ACA25574-118D-43E0-9432-6ACBFF0A6196}.Development Editor|Win32.ActiveCfg = Invalid|Win32
		{ACA25574-118D-43E0-9432-6ACBFF0A6196}.Development Editor|Win64.ActiveCfg = Development_Editor|x64
		{ACA25574-118D-43E0-9432-6ACBFF0A6196}.Development Editor|Win64.Build.0 = Development_Editor|x64
		{ACA25574-118D-43E0-9432-6ACBFF0A6196}.Development|HTML5.ActiveCfg = HTML5_Development|Win32
		{ACA25574-118D-43E0-9432-6ACBFF0A6196}.Development|HTML5.Build.0 = HTML5_Development|Win32
		{ACA25574-118D-43E0-9432-6ACBFF0A6196}.Development|Win32.ActiveCfg = Development|Win32
		{ACA25574-118D-43E0-9432-6ACBFF0A6196}.Development|Win32.Build.0 = Development|Win32
		{ACA25574-118D-43E0-9432-6ACBFF0A6196}.Development|Win64.ActiveCfg = Development|x64
		{ACA25574-118D-43E0-9432-6ACBFF0A6196}.Development|Win64.Build.0 = Development|x64
		{ACA25574-118D-43E0-9432-6ACBFF0A6196}.Shipping|HTML5.ActiveCfg = HTML5_Shipping|Win32
		{ACA25574-118D-43E0-9432-6ACBFF0A6196}.Shipping|HTML5.Build.0 = HTML5_Shipping|Win32
		{ACA25574-118D-43E0-9432-6ACBFF0A6196}.Shipping|Win32.ActiveCfg = Shipping|Win32
		{ACA25574-118D-43E0-9432-6ACBFF0A6196}.Shipping|Win32.Build.0 = Shipping|Win32
		{ACA25574-118D-43E0-9432-6ACBFF0A6196}.Shipping|Win64.ActiveCfg = Shipping|x64
		{ACA25574-118D-43E0-9432-6ACBFF0A6196}.Shipping|Win64.Build.0 = Shipping|x64
	EndGlobalSection
	GlobalSection(SolutionProperties) = preSolution
		HideSolutionNode = FALSE
	EndGlobalSection
	GlobalSection(NestedProjects) = preSolution
		{F8F1CB4F-4365-4862-9812-687CA28B4D19} = {C0E9588E-4250-409C-9599-605A4B5AF65C}
		{ACA25574-118D-43E0-9432-6ACBFF0A6196} = {D2235023-B36D-4C93-BA64-56B105D7B102}
	EndGlobalSection
EndGlobal
